
Microsoft Visual Studio Solution File, Format Version 12.00
# Visual Studio 15
VisualStudioVersion = 15.0.27130.2010
MinimumVisualStudioVersion = 10.0.40219.1
Project("{FAE04EC0-301F-11D3-BF4B-00C04F79EFBC}") = "SkinEffect", "SkinEffect\SkinEffect.csproj", "{F36CD5FF-1515-4ACC-99EB-E026D4069ABE}"
EndProject
Global
	GlobalSection(SolutionConfigurationPlatforms) = preSolution
		Debug|Any CPU = Debug|Any CPU
		Release|Any CPU = Release|Any CPU
	EndGlobalSection
	GlobalSection(ProjectConfigurationPlatforms) = postSolution
		{F36CD5FF-1515-4ACC-99EB-E026D4069ABE}.Debug|Any CPU.ActiveCfg = Debug|Any CPU
		{F36CD5FF-1515-4ACC-99EB-E026D4069ABE}.Debug|Any CPU.Build.0 = Debug|Any CPU
		{F36CD5FF-1515-4ACC-99EB-E026D4069ABE}.Release|Any CPU.ActiveCfg = Release|Any CPU
		{F36CD5FF-1515-4ACC-99EB-E026D4069ABE}.Release|Any CPU.Build.0 = Release|Any CPU
	EndGlobalSection
	GlobalSection(SolutionProperties) = preSolution
		HideSolutionNode = FALSE
	EndGlobalSection
	GlobalSection(ExtensibilityGlobals) = postSolution
		SolutionGuid = {840BF841-1663-4367-9CD2-465500F2BD81}
	EndGlobalSection
EndGlobal
